
Microsoft Visual Studio Solution File, Format Version 12.00
# Visual Studio Version 16
VisualStudioVersion = 16.0.31313.79
MinimumVisualStudioVersion = 10.0.40219.1
Project("{FAE04EC0-301F-11D3-BF4B-00C04F79EFBC}") = "FAXM.Android", "FAXM.Android\FAXM.Android.csproj", "{4AB51C6D-9C00-4B9A-B1AC-341098D810A1}"
EndProject
Project("{FAE04EC0-301F-11D3-BF4B-00C04F79EFBC}") = "FAXM", "FAXM\FAXM.csproj", "{77E39603-1DD1-4ECE-8E98-3D763C9BE0EA}"
EndProject
Global
	GlobalSection(SolutionConfigurationPlatforms) = preSolution
		Debug|Any CPU = Debug|Any CPU
		Release|Any CPU = Release|Any CPU
	EndGlobalSection
	GlobalSection(ProjectConfigurationPlatforms) = postSolution
		{4AB51C6D-9C00-4B9A-B1AC-341098D810A1}.Debug|Any CPU.ActiveCfg = Debug|Any CPU
		{4AB51C6D-9C00-4B9A-B1AC-341098D810A1}.Debug|Any CPU.Build.0 = Debug|Any CPU
		{4AB51C6D-9C00-4B9A-B1AC-341098D810A1}.Debug|Any CPU.Deploy.0 = Debug|Any CPU
		{4AB51C6D-9C00-4B9A-B1AC-341098D810A1}.Release|Any CPU.ActiveCfg = Release|Any CPU
		{4AB51C6D-9C00-4B9A-B1AC-341098D810A1}.Release|Any CPU.Build.0 = Release|Any CPU
		{4AB51C6D-9C00-4B9A-B1AC-341098D810A1}.Release|Any CPU.Deploy.0 = Release|Any CPU
		{77E39603-1DD1-4ECE-8E98-3D763C9BE0EA}.Debug|Any CPU.ActiveCfg = Debug|Any CPU
		{77E39603-1DD1-4ECE-8E98-3D763C9BE0EA}.Debug|Any CPU.Build.0 = Debug|Any CPU
		{77E39603-1DD1-4ECE-8E98-3D763C9BE0EA}.Debug|Any CPU.Deploy.0 = Debug|Any CPU
		{77E39603-1DD1-4ECE-8E98-3D763C9BE0EA}.Release|Any CPU.ActiveCfg = Release|Any CPU
		{77E39603-1DD1-4ECE-8E98-3D763C9BE0EA}.Release|Any CPU.Build.0 = Release|Any CPU
		{77E39603-1DD1-4ECE-8E98-3D763C9BE0EA}.Release|Any CPU.Deploy.0 = Release|Any CPU
	EndGlobalSection
	GlobalSection(SolutionProperties) = preSolution
		HideSolutionNode = FALSE
	EndGlobalSection
	GlobalSection(ExtensibilityGlobals) = postSolution
		SolutionGuid = {294A63E0-D9FA-44F8-BAC6-975911193884}
	EndGlobalSection
EndGlobal
